
Microsoft Visual Studio Solution File, Format Version 12.00
# Visual Studio Version 17
VisualStudioVersion = 17.7.34221.43
MinimumVisualStudioVersion = 10.0.40219.1
Project("{FAE04EC0-301F-11D3-BF4B-00C04F79EFBC}") = "AwesomeDevEvents.API", "AwesomeDevEvents.API\AwesomeDevEvents.API.csproj", "{8EBA2235-D311-49FC-A085-BCCDA6A1EBF8}"
EndProject
Global
	GlobalSection(SolutionConfigurationPlatforms) = preSolution
		Debug|Any CPU = Debug|Any CPU
		Release|Any CPU = Release|Any CPU
	EndGlobalSection
	GlobalSection(ProjectConfigurationPlatforms) = postSolution
		{8EBA2235-D311-49FC-A085-BCCDA6A1EBF8}.Debug|Any CPU.ActiveCfg = Debug|Any CPU
		{8EBA2235-D311-49FC-A085-BCCDA6A1EBF8}.Debug|Any CPU.Build.0 = Debug|Any CPU
		{8EBA2235-D311-49FC-A085-BCCDA6A1EBF8}.Release|Any CPU.ActiveCfg = Release|Any CPU
		{8EBA2235-D311-49FC-A085-BCCDA6A1EBF8}.Release|Any CPU.Build.0 = Release|Any CPU
	EndGlobalSection
	GlobalSection(SolutionProperties) = preSolution
		HideSolutionNode = FALSE
	EndGlobalSection
	GlobalSection(ExtensibilityGlobals) = postSolution
		SolutionGuid = {F463D215-CE03-458A-8366-4B1F467020E5}
	EndGlobalSection
EndGlobal
